
Microsoft Visual Studio Solution File, Format Version 12.00
# Visual Studio Version 17
VisualStudioVersion = 17.7.34009.444
MinimumVisualStudioVersion = 10.0.40219.1
Project("{FAE04EC0-301F-11D3-BF4B-00C04F79EFBC}") = "FrogWinFormsApp", "FrogWinFormsApp\FrogWinFormsApp.csproj", "{CD7FDC9B-C6D6-4D7D-9425-5809A46BF31D}"
EndProject
Global
	GlobalSection(SolutionConfigurationPlatforms) = preSolution
		Debug|Any CPU = Debug|Any CPU
		Release|Any CPU = Release|Any CPU
	EndGlobalSection
	GlobalSection(ProjectConfigurationPlatforms) = postSolution
		{CD7FDC9B-C6D6-4D7D-9425-5809A46BF31D}.Debug|Any CPU.ActiveCfg = Debug|Any CPU
		{CD7FDC9B-C6D6-4D7D-9425-5809A46BF31D}.Debug|Any CPU.Build.0 = Debug|Any CPU
		{CD7FDC9B-C6D6-4D7D-9425-5809A46BF31D}.Release|Any CPU.ActiveCfg = Release|Any CPU
		{CD7FDC9B-C6D6-4D7D-9425-5809A46BF31D}.Release|Any CPU.Build.0 = Release|Any CPU
	EndGlobalSection
	GlobalSection(SolutionProperties) = preSolution
		HideSolutionNode = FALSE
	EndGlobalSection
	GlobalSection(ExtensibilityGlobals) = postSolution
		SolutionGuid = {4A72D147-D0CA-4746-B38F-ABD996B2B943}
	EndGlobalSection
EndGlobal
